
Microsoft Visual Studio Solution File, Format Version 12.00
# Visual Studio Version 17
VisualStudioVersion = 17.7.34024.191
MinimumVisualStudioVersion = 10.0.40219.1
Project("{FAE04EC0-301F-11D3-BF4B-00C04F79EFBC}") = "CoreDemo", "CoreDemo\CoreDemo.csproj", "{0AEE605C-B827-40C9-8745-60DE55252472}"
EndProject
Project("{FAE04EC0-301F-11D3-BF4B-00C04F79EFBC}") = "EntityLayer", "EntityLayer\EntityLayer.csproj", "{72836B60-A719-43C3-AA9E-E61243CF19F0}"
EndProject
Project("{FAE04EC0-301F-11D3-BF4B-00C04F79EFBC}") = "DataAccessLayer", "DataAccessLayer\DataAccessLayer.csproj", "{56268275-BC8E-4CCC-8990-D2F90683E69B}"
EndProject
Project("{FAE04EC0-301F-11D3-BF4B-00C04F79EFBC}") = "BusinessLayer", "BusinessLayer\BusinessLayer.csproj", "{D42005C3-1858-47C9-A3BE-52677AE75758}"
EndProject
Project("{FAE04EC0-301F-11D3-BF4B-00C04F79EFBC}") = "CoreLayer", "CoreLayer\CoreLayer.csproj", "{DB2BCE98-658D-4DEC-A97E-90E4AAE30CEC}"
EndProject
Global
	GlobalSection(SolutionConfigurationPlatforms) = preSolution
		Debug|Any CPU = Debug|Any CPU
		Release|Any CPU = Release|Any CPU
	EndGlobalSection
	GlobalSection(ProjectConfigurationPlatforms) = postSolution
		{0AEE605C-B827-40C9-8745-60DE55252472}.Debug|Any CPU.ActiveCfg = Debug|Any CPU
		{0AEE605C-B827-40C9-8745-60DE55252472}.Debug|Any CPU.Build.0 = Debug|Any CPU
		{0AEE605C-B827-40C9-8745-60DE55252472}.Release|Any CPU.ActiveCfg = Release|Any CPU
		{0AEE605C-B827-40C9-8745-60DE55252472}.Release|Any CPU.Build.0 = Release|Any CPU
		{72836B60-A719-43C3-AA9E-E61243CF19F0}.Debug|Any CPU.ActiveCfg = Debug|Any CPU
		{72836B60-A719-43C3-AA9E-E61243CF19F0}.Debug|Any CPU.Build.0 = Debug|Any CPU
		{72836B60-A719-43C3-AA9E-E61243CF19F0}.Release|Any CPU.ActiveCfg = Release|Any CPU
		{72836B60-A719-43C3-AA9E-E61243CF19F0}.Release|Any CPU.Build.0 = Release|Any CPU
		{56268275-BC8E-4CCC-8990-D2F90683E69B}.Debug|Any CPU.ActiveCfg = Debug|Any CPU
		{56268275-BC8E-4CCC-8990-D2F90683E69B}.Debug|Any CPU.Build.0 = Debug|Any CPU
		{56268275-BC8E-4CCC-8990-D2F90683E69B}.Release|Any CPU.ActiveCfg = Release|Any CPU
		{56268275-BC8E-4CCC-8990-D2F90683E69B}.Release|Any CPU.Build.0 = Release|Any CPU
		{D42005C3-1858-47C9-A3BE-52677AE75758}.Debug|Any CPU.ActiveCfg = Debug|Any CPU
		{D42005C3-1858-47C9-A3BE-52677AE75758}.Debug|Any CPU.Build.0 = Debug|Any CPU
		{D42005C3-1858-47C9-A3BE-52677AE75758}.Release|Any CPU.ActiveCfg = Release|Any CPU
		{D42005C3-1858-47C9-A3BE-52677AE75758}.Release|Any CPU.Build.0 = Release|Any CPU
		{DB2BCE98-658D-4DEC-A97E-90E4AAE30CEC}.Debug|Any CPU.ActiveCfg = Debug|Any CPU
		{DB2BCE98-658D-4DEC-A97E-90E4AAE30CEC}.Debug|Any CPU.Build.0 = Debug|Any CPU
		{DB2BCE98-658D-4DEC-A97E-90E4AAE30CEC}.Release|Any CPU.ActiveCfg = Release|Any CPU
		{DB2BCE98-658D-4DEC-A97E-90E4AAE30CEC}.Release|Any CPU.Build.0 = Release|Any CPU
	EndGlobalSection
	GlobalSection(SolutionProperties) = preSolution
		HideSolutionNode = FALSE
	EndGlobalSection
	GlobalSection(ExtensibilityGlobals) = postSolution
		SolutionGuid = {93E43F99-B47A-4E20-8265-815083BDC591}
	EndGlobalSection
EndGlobal
